
Microsoft Visual Studio Solution File, Format Version 12.00
# Visual Studio Version 17
VisualStudioVersion = 17.1.32328.378
MinimumVisualStudioVersion = 10.0.40219.1
Project("{2150E333-8FDC-42A3-9474-1A3956D46DE8}") = "Core", "Core", "{7736EA26-4D0D-4E7E-A112-C1DE06968841}"
EndProject
Project("{2150E333-8FDC-42A3-9474-1A3956D46DE8}") = "Infrastructure", "Infrastructure", "{B017F4D6-6AAE-4C54-AF18-B1F1F75F8FA0}"
EndProject
Project("{2150E333-8FDC-42A3-9474-1A3956D46DE8}") = "Presentation", "Presentation", "{0527D75E-4C74-46FA-8F33-1083CF4FBE91}"
EndProject
Project("{FAE04EC0-301F-11D3-BF4B-00C04F79EFBC}") = "Domain", "Domain\Domain.csproj", "{8BB06894-37A9-4DEA-8925-467A1D1047F2}"
EndProject
Project("{FAE04EC0-301F-11D3-BF4B-00C04F79EFBC}") = "Application", "Application\Application.csproj", "{5E532CB6-CBCF-4DC0-82A1-E32BF4E27438}"
EndProject
Project("{FAE04EC0-301F-11D3-BF4B-00C04F79EFBC}") = "Persistence", "Persistence\Persistence.csproj", "{1E371B60-99E8-4581-8BCD-A382AD330ADF}"
EndProject
Project("{FAE04EC0-301F-11D3-BF4B-00C04F79EFBC}") = "WebApi", "WebApi\WebApi.csproj", "{DFFEE847-A478-4A6B-A58D-6CA3840D365F}"
EndProject
Project("{FAE04EC0-301F-11D3-BF4B-00C04F79EFBC}") = "UserInterface", "UserInterface\UserInterface.csproj", "{CAB8057E-1302-4A30-8CA9-F8E9548B9E2D}"
EndProject
Global
	GlobalSection(SolutionConfigurationPlatforms) = preSolution
		Debug|Any CPU = Debug|Any CPU
		Release|Any CPU = Release|Any CPU
	EndGlobalSection
	GlobalSection(ProjectConfigurationPlatforms) = postSolution
		{8BB06894-37A9-4DEA-8925-467A1D1047F2}.Debug|Any CPU.ActiveCfg = Debug|Any CPU
		{8BB06894-37A9-4DEA-8925-467A1D1047F2}.Debug|Any CPU.Build.0 = Debug|Any CPU
		{8BB06894-37A9-4DEA-8925-467A1D1047F2}.Release|Any CPU.ActiveCfg = Release|Any CPU
		{8BB06894-37A9-4DEA-8925-467A1D1047F2}.Release|Any CPU.Build.0 = Release|Any CPU
		{5E532CB6-CBCF-4DC0-82A1-E32BF4E27438}.Debug|Any CPU.ActiveCfg = Debug|Any CPU
		{5E532CB6-CBCF-4DC0-82A1-E32BF4E27438}.Debug|Any CPU.Build.0 = Debug|Any CPU
		{5E532CB6-CBCF-4DC0-82A1-E32BF4E27438}.Release|Any CPU.ActiveCfg = Release|Any CPU
		{5E532CB6-CBCF-4DC0-82A1-E32BF4E27438}.Release|Any CPU.Build.0 = Release|Any CPU
		{1E371B60-99E8-4581-8BCD-A382AD330ADF}.Debug|Any CPU.ActiveCfg = Debug|Any CPU
		{1E371B60-99E8-4581-8BCD-A382AD330ADF}.Debug|Any CPU.Build.0 = Debug|Any CPU
		{1E371B60-99E8-4581-8BCD-A382AD330ADF}.Release|Any CPU.ActiveCfg = Release|Any CPU
		{1E371B60-99E8-4581-8BCD-A382AD330ADF}.Release|Any CPU.Build.0 = Release|Any CPU
		{DFFEE847-A478-4A6B-A58D-6CA3840D365F}.Debug|Any CPU.ActiveCfg = Debug|Any CPU
		{DFFEE847-A478-4A6B-A58D-6CA3840D365F}.Debug|Any CPU.Build.0 = Debug|Any CPU
		{DFFEE847-A478-4A6B-A58D-6CA3840D365F}.Release|Any CPU.ActiveCfg = Release|Any CPU
		{DFFEE847-A478-4A6B-A58D-6CA3840D365F}.Release|Any CPU.Build.0 = Release|Any CPU
		{CAB8057E-1302-4A30-8CA9-F8E9548B9E2D}.Debug|Any CPU.ActiveCfg = Debug|Any CPU
		{CAB8057E-1302-4A30-8CA9-F8E9548B9E2D}.Debug|Any CPU.Build.0 = Debug|Any CPU
		{CAB8057E-1302-4A30-8CA9-F8E9548B9E2D}.Release|Any CPU.ActiveCfg = Release|Any CPU
		{CAB8057E-1302-4A30-8CA9-F8E9548B9E2D}.Release|Any CPU.Build.0 = Release|Any CPU
	EndGlobalSection
	GlobalSection(SolutionProperties) = preSolution
		HideSolutionNode = FALSE
	EndGlobalSection
	GlobalSection(NestedProjects) = preSolution
		{8BB06894-37A9-4DEA-8925-467A1D1047F2} = {7736EA26-4D0D-4E7E-A112-C1DE06968841}
		{5E532CB6-CBCF-4DC0-82A1-E32BF4E27438} = {7736EA26-4D0D-4E7E-A112-C1DE06968841}
		{1E371B60-99E8-4581-8BCD-A382AD330ADF} = {B017F4D6-6AAE-4C54-AF18-B1F1F75F8FA0}
		{DFFEE847-A478-4A6B-A58D-6CA3840D365F} = {0527D75E-4C74-46FA-8F33-1083CF4FBE91}
		{CAB8057E-1302-4A30-8CA9-F8E9548B9E2D} = {0527D75E-4C74-46FA-8F33-1083CF4FBE91}
	EndGlobalSection
	GlobalSection(ExtensibilityGlobals) = postSolution
		SolutionGuid = {DA1246EA-1328-4BA1-976A-7210400E94EC}
	EndGlobalSection
EndGlobal
